PODS:
  - newShorts (0.0.6):
    - VMaxAdsSDK
  - VMaxAdsSDK (0.0.55)

DEPENDENCIES:
  - newShorts (from `../`)

SPEC REPOS:
  trunk:
    - VMaxAdsSDK

EXTERNAL SOURCES:
  newShorts:
    :path: "../"

SPEC CHECKSUMS:
  newShorts: cd51167ef25748b972a4f392f11649452eed896e
  VMaxAdsSDK: 25ce835bb4becd5c5a3713e5f52c2efc3dfc716c

PODFILE CHECKSUM: 121357d316e1cebd2d4e83ebaf8c56c0bd7d8471

COCOAPODS: 1.10.0
